// !$*UTF8*$!
{
	archiveVersion = 1;
	classes = {
	};
	objectVersion = 46;
	objects = {

/* Begin PBXBuildFile section */
		5B6C299714DE24AB00D75D88 /* Cocoa.framework in Frameworks */ = {isa = PBXBuildFile; fileRef = 5B6C299614DE24AB00D75D88 /* Cocoa.framework */; };
		5B6C29A114DE24AB00D75D88 /* InfoPlist.strings in Resources */ = {isa = PBXBuildFile; fileRef = 5B6C299F14DE24AB00D75D88 /* InfoPlist.strings */; };
		5B6C29A314DE24AB00D75D88 /* main.m in Sources */ = {isa = PBXBuildFile; fileRef = 5B6C29A214DE24AB00D75D88 /* main.m */; };
		5B6C29A714DE24AB00D75D88 /* Credits.rtf in Resources */ = {isa = PBXBuildFile; fileRef = 5B6C29A514DE24AB00D75D88 /* Credits.rtf */; };
		5B6C29AA14DE24AB00D75D88 /* Document.m in Sources */ = {isa = PBXBuildFile; fileRef = 5B6C29A914DE24AB00D75D88 /* Document.m */; };
		5B6C29AD14DE24AB00D75D88 /* Document.xib in Resources */ = {isa = PBXBuildFile; fileRef = 5B6C29AB14DE24AB00D75D88 /* Document.xib */; };
		5B6C29B014DE24AB00D75D88 /* MainMenu.xib in Resources */ = {isa = PBXBuildFile; fileRef = 5B6C29AE14DE24AB00D75D88 /* MainMenu.xib */; };
		5B6C29C114DE254E00D75D88 /* md.icns in Resources */ = {isa = PBXBuildFile; fileRef = 5B6C29BE14DE254E00D75D88 /* md.icns */; };
		5B6C29C614DE256100D75D88 /* ViewDown.icns in Resources */ = {isa = PBXBuildFile; fileRef = 5B6C29C514DE256100D75D88 /* ViewDown.icns */; };
		5B6C29CC14DE25EA00D75D88 /* WebKit.framework in Frameworks */ = {isa = PBXBuildFile; fileRef = 5B6C29CB14DE25EA00D75D88 /* WebKit.framework */; };
		5B8F86391543F5AF00A6E636 /* markdown in Resources */ = {isa = PBXBuildFile; fileRef = 5B8F86381543F5AF00A6E636 /* markdown */; };
		5BAE474414DEC85F00671006 /* empty.html in Resources */ = {isa = PBXBuildFile; fileRef = 5BAE474214DEC85F00671006 /* empty.html */; };
		5BAE474514DEC85F00671006 /* userstyles.css in Resources */ = {isa = PBXBuildFile; fileRef = 5BAE474314DEC85F00671006 /* userstyles.css */; };
/* End PBXBuildFile section */

/* Begin PBXFileReference section */
		5B6C299214DE24AB00D75D88 /* ViewDown.app */ = {isa = PBXFileReference; explicitFileType = wrapper.application; includeInIndex = 0; path = ViewDown.app; sourceTree = BUILT_PRODUCTS_DIR; };
		5B6C299614DE24AB00D75D88 /* Cocoa.framework */ = {isa = PBXFileReference; lastKnownFileType = wrapper.framework; name = Cocoa.framework; path = System/Library/Frameworks/Cocoa.framework; sourceTree = SDKROOT; };
		5B6C299914DE24AB00D75D88 /* AppKit.framework */ = {isa = PBXFileReference; lastKnownFileType = wrapper.framework; name = AppKit.framework; path = System/Library/Frameworks/AppKit.framework; sourceTree = SDKROOT; };
		5B6C299A14DE24AB00D75D88 /* CoreData.framework */ = {isa = PBXFileReference; lastKnownFileType = wrapper.framework; name = CoreData.framework; path = System/Library/Frameworks/CoreData.framework; sourceTree = SDKROOT; };
		5B6C299B14DE24AB00D75D88 /* Foundation.framework */ = {isa = PBXFileReference; lastKnownFileType = wrapper.framework; name = Foundation.framework; path = System/Library/Frameworks/Foundation.framework; sourceTree = SDKROOT; };
		5B6C299E14DE24AB00D75D88 /* ViewDown-Info.plist */ = {isa = PBXFileReference; lastKnownFileType = text.plist.xml; path = "ViewDown-Info.plist"; sourceTree = "<group>"; };
		5B6C29A014DE24AB00D75D88 /* en */ = {isa = PBXFileReference; lastKnownFileType = text.plist.strings; name = en; path = en.lproj/InfoPlist.strings; sourceTree = "<group>"; };
		5B6C29A214DE24AB00D75D88 /* main.m */ = {isa = PBXFileReference; lastKnownFileType = sourcecode.c.objc; path = main.m; sourceTree = "<group>"; };
		5B6C29A414DE24AB00D75D88 /* ViewDown-Prefix.pch */ = {isa = PBXFileReference; lastKnownFileType = sourcecode.c.h; path = "ViewDown-Prefix.pch"; sourceTree = "<group>"; };
		5B6C29A614DE24AB00D75D88 /* en */ = {isa = PBXFileReference; lastKnownFileType = text.rtf; name = en; path = en.lproj/Credits.rtf; sourceTree = "<group>"; };
		5B6C29A814DE24AB00D75D88 /* Document.h */ = {isa = PBXFileReference; lastKnownFileType = sourcecode.c.h; path = Document.h; sourceTree = "<group>"; };
		5B6C29A914DE24AB00D75D88 /* Document.m */ = {isa = PBXFileReference; lastKnownFileType = sourcecode.c.objc; path = Document.m; sourceTree = "<group>"; };
		5B6C29AC14DE24AB00D75D88 /* en */ = {isa = PBXFileReference; lastKnownFileType = file.xib; name = en; path = en.lproj/Document.xib; sourceTree = "<group>"; };
		5B6C29AF14DE24AB00D75D88 /* en */ = {isa = PBXFileReference; lastKnownFileType = file.xib; name = en; path = en.lproj/MainMenu.xib; sourceTree = "<group>"; };
		5B6C29BE14DE254E00D75D88 /* md.icns */ = {isa = PBXFileReference; lastKnownFileType = image.icns; path = md.icns; sourceTree = "<group>"; };
		5B6C29C514DE256100D75D88 /* ViewDown.icns */ = {isa = PBXFileReference; lastKnownFileType = image.icns; path = ViewDown.icns; sourceTree = "<group>"; };
		5B6C29CB14DE25EA00D75D88 /* WebKit.framework */ = {isa = PBXFileReference; lastKnownFileType = wrapper.framework; name = WebKit.framework; path = System/Library/Frameworks/WebKit.framework; sourceTree = SDKROOT; };
		5B8F86381543F5AF00A6E636 /* markdown */ = {isa = PBXFileReference; fileEncoding = 4; lastKnownFileType = text.script.perl; path = markdown; sourceTree = "<group>"; };
		5BAE474214DEC85F00671006 /* empty.html */ = {isa = PBXFileReference; fileEncoding = 4; lastKnownFileType = text.html; path = empty.html; sourceTree = "<group>"; };
		5BAE474314DEC85F00671006 /* userstyles.css */ = {isa = PBXFileReference; fileEncoding = 4; lastKnownFileType = text.css; path = userstyles.css; sourceTree = "<group>"; };
/* End PBXFileReference section */

/* Begin PBXFrameworksBuildPhase section */
		5B6C298F14DE24AB00D75D88 /* Frameworks */ = {
			isa = PBXFrameworksBuildPhase;
			buildActionMask = 2147483647;
			files = (
				5B6C29CC14DE25EA00D75D88 /* WebKit.framework in Frameworks */,
				5B6C299714DE24AB00D75D88 /* Cocoa.framework in Frameworks */,
			);
			runOnlyForDeploymentPostprocessing = 0;
		};
/* End PBXFrameworksBuildPhase section */

/* Begin PBXGroup section */
		5B6C298714DE24AB00D75D88 = {
			isa = PBXGroup;
			children = (
				5B6C29C514DE256100D75D88 /* ViewDown.icns */,
				5B6C299C14DE24AB00D75D88 /* ViewDown */,
				5B6C299514DE24AB00D75D88 /* Frameworks */,
				5B6C299314DE24AB00D75D88 /* Products */,
			);
			sourceTree = "<group>";
		};
		5B6C299314DE24AB00D75D88 /* Products */ = {
			isa = PBXGroup;
			children = (
				5B6C299214DE24AB00D75D88 /* ViewDown.app */,
			);
			name = Products;
			sourceTree = "<group>";
		};
		5B6C299514DE24AB00D75D88 /* Frameworks */ = {
			isa = PBXGroup;
			children = (
				5B6C299614DE24AB00D75D88 /* Cocoa.framework */,
				5B6C299814DE24AB00D75D88 /* Other Frameworks */,
			);
			name = Frameworks;
			sourceTree = "<group>";
		};
		5B6C299814DE24AB00D75D88 /* Other Frameworks */ = {
			isa = PBXGroup;
			children = (
				5B6C29CB14DE25EA00D75D88 /* WebKit.framework */,
				5B6C299914DE24AB00D75D88 /* AppKit.framework */,
				5B6C299A14DE24AB00D75D88 /* CoreData.framework */,
				5B6C299B14DE24AB00D75D88 /* Foundation.framework */,
			);
			name = "Other Frameworks";
			sourceTree = "<group>";
		};
		5B6C299C14DE24AB00D75D88 /* ViewDown */ = {
			isa = PBXGroup;
			children = (
				5B8F86381543F5AF00A6E636 /* markdown */,
				5B6C29A814DE24AB00D75D88 /* Document.h */,
				5B6C29A914DE24AB00D75D88 /* Document.m */,
				5B6C29AB14DE24AB00D75D88 /* Document.xib */,
				5B6C29AE14DE24AB00D75D88 /* MainMenu.xib */,
				5B6C29BE14DE254E00D75D88 /* md.icns */,
				5BAE474214DEC85F00671006 /* empty.html */,
				5BAE474314DEC85F00671006 /* userstyles.css */,
				5B6C299D14DE24AB00D75D88 /* Supporting Files */,
			);
			path = ViewDown;
			sourceTree = "<group>";
		};
		5B6C299D14DE24AB00D75D88 /* Supporting Files */ = {
			isa = PBXGroup;
			children = (
				5B6C299E14DE24AB00D75D88 /* ViewDown-Info.plist */,
				5B6C299F14DE24AB00D75D88 /* InfoPlist.strings */,
				5B6C29A214DE24AB00D75D88 /* main.m */,
				5B6C29A414DE24AB00D75D88 /* ViewDown-Prefix.pch */,
				5B6C29A514DE24AB00D75D88 /* Credits.rtf */,
			);
			name = "Supporting Files";
			sourceTree = "<group>";
		};
/* End PBXGroup section */

/* Begin PBXNativeTarget section */
		5B6C299114DE24AB00D75D88 /* ViewDown */ = {
			isa = PBXNativeTarget;
			buildConfigurationList = 5B6C29B314DE24AB00D75D88 /* Build configuration list for PBXNativeTarget "ViewDown" */;
			buildPhases = (
				5B6C298E14DE24AB00D75D88 /* Sources */,
				5B6C298F14DE24AB00D75D88 /* Frameworks */,
				5B6C299014DE24AB00D75D88 /* Resources */,
			);
			buildRules = (
			);
			dependencies = (
			);
			name = ViewDown;
			productName = ViewDown;
			productReference = 5B6C299214DE24AB00D75D88 /* ViewDown.app */;
			productType = "com.apple.product-type.application";
		};
/* End PBXNativeTarget section */

/* Begin PBXProject section */
		5B6C298914DE24AB00D75D88 /* Project object */ = {
			isa = PBXProject;
			attributes = {
				LastUpgradeCheck = 0430;
			};
			buildConfigurationList = 5B6C298C14DE24AB00D75D88 /* Build configuration list for PBXProject "ViewDown" */;
			compatibilityVersion = "Xcode 3.2";
			developmentRegion = English;
			hasScannedForEncodings = 0;
			knownRegions = (
				en,
			);
			mainGroup = 5B6C298714DE24AB00D75D88;
			productRefGroup = 5B6C299314DE24AB00D75D88 /* Products */;
			projectDirPath = "";
			projectRoot = "";
			targets = (
				5B6C299114DE24AB00D75D88 /* ViewDown */,
			);
		};
/* End PBXProject section */

/* Begin PBXResourcesBuildPhase section */
		5B6C299014DE24AB00D75D88 /* Resources */ = {
			isa = PBXResourcesBuildPhase;
			buildActionMask = 2147483647;
			files = (
				5B6C29A114DE24AB00D75D88 /* InfoPlist.strings in Resources */,
				5B6C29A714DE24AB00D75D88 /* Credits.rtf in Resources */,
				5B6C29AD14DE24AB00D75D88 /* Document.xib in Resources */,
				5B6C29B014DE24AB00D75D88 /* MainMenu.xib in Resources */,
				5B6C29C114DE254E00D75D88 /* md.icns in Resources */,
				5B6C29C614DE256100D75D88 /* ViewDown.icns in Resources */,
				5BAE474414DEC85F00671006 /* empty.html in Resources */,
				5BAE474514DEC85F00671006 /* userstyles.css in Resources */,
				5B8F86391543F5AF00A6E636 /* markdown in Resources */,
			);
			runOnlyForDeploymentPostprocessing = 0;
		};
/* End PBXResourcesBuildPhase section */

/* Begin PBXSourcesBuildPhase section */
		5B6C298E14DE24AB00D75D88 /* Sources */ = {
			isa = PBXSourcesBuildPhase;
			buildActionMask = 2147483647;
			files = (
				5B6C29A314DE24AB00D75D88 /* main.m in Sources */,
				5B6C29AA14DE24AB00D75D88 /* Document.m in Sources */,
			);
			runOnlyForDeploymentPostprocessing = 0;
		};
/* End PBXSourcesBuildPhase section */

/* Begin PBXVariantGroup section */
		5B6C299F14DE24AB00D75D88 /* InfoPlist.strings */ = {
			isa = PBXVariantGroup;
			children = (
				5B6C29A014DE24AB00D75D88 /* en */,
			);
			name = InfoPlist.strings;
			sourceTree = "<group>";
		};
		5B6C29A514DE24AB00D75D88 /* Credits.rtf */ = {
			isa = PBXVariantGroup;
			children = (
				5B6C29A614DE24AB00D75D88 /* en */,
			);
			name = Credits.rtf;
			sourceTree = "<group>";
		};
		5B6C29AB14DE24AB00D75D88 /* Document.xib */ = {
			isa = PBXVariantGroup;
			children = (
				5B6C29AC14DE24AB00D75D88 /* en */,
			);
			name = Document.xib;
			sourceTree = "<group>";
		};
		5B6C29AE14DE24AB00D75D88 /* MainMenu.xib */ = {
			isa = PBXVariantGroup;
			children = (
				5B6C29AF14DE24AB00D75D88 /* en */,
			);
			name = MainMenu.xib;
			sourceTree = "<group>";
		};
/* End PBXVariantGroup section */

/* Begin XCBuildConfiguration section */
		5B6C29B114DE24AB00D75D88 /* Debug */ = {
			isa = XCBuildConfiguration;
			buildSettings = {
				ALWAYS_SEARCH_USER_PATHS = NO;
				ARCHS = "$(ARCHS_STANDARD_64_BIT)";
				CLANG_ENABLE_OBJC_ARC = YES;
				COPY_PHASE_STRIP = NO;
				GCC_C_LANGUAGE_STANDARD = gnu99;
				GCC_DYNAMIC_NO_PIC = NO;
				GCC_ENABLE_OBJC_EXCEPTIONS = YES;
				GCC_OPTIMIZATION_LEVEL = 0;
				GCC_PREPROCESSOR_DEFINITIONS = (
					"DEBUG=1",
					"$(inherited)",
				);
				GCC_SYMBOLS_PRIVATE_EXTERN = NO;
				GCC_VERSION = com.apple.compilers.llvm.clang.1_0;
				GCC_WARN_64_TO_32_BIT_CONVERSION = YES;
				GCC_WARN_ABOUT_MISSING_PROTOTYPES = NO;
				GCC_WARN_ABOUT_RETURN_TYPE = YES;
				GCC_WARN_UNUSED_VARIABLE = YES;
				MACOSX_DEPLOYMENT_TARGET = 10.7;
				ONLY_ACTIVE_ARCH = YES;
				SDKROOT = macosx;
			};
			name = Debug;
		};
		5B6C29B214DE24AB00D75D88 /* Release */ = {
			isa = XCBuildConfiguration;
			buildSettings = {
				ALWAYS_SEARCH_USER_PATHS = NO;
				ARCHS = "$(ARCHS_STANDARD_64_BIT)";
				CLANG_ENABLE_OBJC_ARC = YES;
				COPY_PHASE_STRIP = YES;
				DEBUG_INFORMATION_FORMAT = "dwarf-with-dsym";
				GCC_C_LANGUAGE_STANDARD = gnu99;
				GCC_ENABLE_OBJC_EXCEPTIONS = YES;
				GCC_VERSION = com.apple.compilers.llvm.clang.1_0;
				GCC_WARN_64_TO_32_BIT_CONVERSION = YES;
				GCC_WARN_ABOUT_MISSING_PROTOTYPES = NO;
				GCC_WARN_ABOUT_RETURN_TYPE = YES;
				GCC_WARN_UNUSED_VARIABLE = YES;
				MACOSX_DEPLOYMENT_TARGET = 10.7;
				SDKROOT = macosx;
			};
			name = Release;
		};
		5B6C29B414DE24AB00D75D88 /* Debug */ = {
			isa = XCBuildConfiguration;
			buildSettings = {
				GCC_PRECOMPILE_PREFIX_HEADER = YES;
				GCC_PREFIX_HEADER = "ViewDown/ViewDown-Prefix.pch";
				INFOPLIST_FILE = "ViewDown/ViewDown-Info.plist";
				PRODUCT_NAME = "$(TARGET_NAME)";
				WRAPPER_EXTENSION = app;
			};
			name = Debug;
		};
		5B6C29B514DE24AB00D75D88 /* Release */ = {
			isa = XCBuildConfiguration;
			buildSettings = {
				GCC_PRECOMPILE_PREFIX_HEADER = YES;
				GCC_PREFIX_HEADER = "ViewDown/ViewDown-Prefix.pch";
				INFOPLIST_FILE = "ViewDown/ViewDown-Info.plist";
				PRODUCT_NAME = "$(TARGET_NAME)";
				WRAPPER_EXTENSION = app;
			};
			name = Release;
		};
/* End XCBuildConfiguration section */

/* Begin XCConfigurationList section */
		5B6C298C14DE24AB00D75D88 /* Build configuration list for PBXProject "ViewDown" */ = {
			isa = XCConfigurationList;
			buildConfigurations = (
				5B6C29B114DE24AB00D75D88 /* Debug */,
				5B6C29B214DE24AB00D75D88 /* Release */,
			);
			defaultConfigurationIsVisible = 0;
			defaultConfigurationName = Release;
		};
		5B6C29B314DE24AB00D75D88 /* Build configuration list for PBXNativeTarget "ViewDown" */ = {
			isa = XCConfigurationList;
			buildConfigurations = (
				5B6C29B414DE24AB00D75D88 /* Debug */,
				5B6C29B514DE24AB00D75D88 /* Release */,
			);
			defaultConfigurationIsVisible = 0;
			defaultConfigurationName = Release;
		};
/* End XCConfigurationList section */
	};
	rootObject = 5B6C298914DE24AB00D75D88 /* Project object */;
}
